
Microsoft Visual Studio Solution File, Format Version 12.00
# Visual Studio Version 16
VisualStudioVersion = 16.0.31729.503
MinimumVisualStudioVersion = 10.0.40219.1
Project("{FAE04EC0-301F-11D3-BF4B-00C04F79EFBC}") = "CartesAcces", "CartesAcces\CartesAcces.csproj", "{53ED547D-462A-4A2E-B1FC-731C75A80DF4}"
EndProject
Project("{FAE04EC0-301F-11D3-BF4B-00C04F79EFBC}") = "CarteAccesLib", "CarteAccesLib\CarteAccesLib.csproj", "{DD9BF0D7-D3B2-4BC8-8FD2-875AA0D637F4}"
EndProject
Project("{FAE04EC0-301F-11D3-BF4B-00C04F79EFBC}") = "AffichageLog", "AffichageLog\AffichageLog.csproj", "{2CC031C9-3213-4856-85D4-684A486FFE40}"
EndProject
Global
	GlobalSection(SolutionConfigurationPlatforms) = preSolution
		Debug|Any CPU = Debug|Any CPU
		Release|Any CPU = Release|Any CPU
	EndGlobalSection
	GlobalSection(ProjectConfigurationPlatforms) = postSolution
		{53ED547D-462A-4A2E-B1FC-731C75A80DF4}.Debug|Any CPU.ActiveCfg = Debug|Any CPU
		{53ED547D-462A-4A2E-B1FC-731C75A80DF4}.Debug|Any CPU.Build.0 = Debug|Any CPU
		{53ED547D-462A-4A2E-B1FC-731C75A80DF4}.Release|Any CPU.ActiveCfg = Release|Any CPU
		{53ED547D-462A-4A2E-B1FC-731C75A80DF4}.Release|Any CPU.Build.0 = Release|Any CPU
		{DD9BF0D7-D3B2-4BC8-8FD2-875AA0D637F4}.Debug|Any CPU.ActiveCfg = Debug|Any CPU
		{DD9BF0D7-D3B2-4BC8-8FD2-875AA0D637F4}.Debug|Any CPU.Build.0 = Debug|Any CPU
		{DD9BF0D7-D3B2-4BC8-8FD2-875AA0D637F4}.Release|Any CPU.ActiveCfg = Release|Any CPU
		{DD9BF0D7-D3B2-4BC8-8FD2-875AA0D637F4}.Release|Any CPU.Build.0 = Release|Any CPU
		{2CC031C9-3213-4856-85D4-684A486FFE40}.Debug|Any CPU.ActiveCfg = Debug|Any CPU
		{2CC031C9-3213-4856-85D4-684A486FFE40}.Debug|Any CPU.Build.0 = Debug|Any CPU
		{2CC031C9-3213-4856-85D4-684A486FFE40}.Release|Any CPU.ActiveCfg = Release|Any CPU
		{2CC031C9-3213-4856-85D4-684A486FFE40}.Release|Any CPU.Build.0 = Release|Any CPU
	EndGlobalSection
	GlobalSection(SolutionProperties) = preSolution
		HideSolutionNode = FALSE
	EndGlobalSection
	GlobalSection(ExtensibilityGlobals) = postSolution
		SolutionGuid = {0D2B6A0D-0B69-4E35-B611-DA640A8A4662}
	EndGlobalSection
EndGlobal
